{
  "meteor": {},
  "dependencies": {
    "basePackages": {
      "iron-router": {},
      "mocha-web": {},
      "sockjs": {},
      "iron-router-progress": {},
      "flash-messages": {},
      "SyntaxHighlighter": {},
      "font-awesome": {},
      "autocomplete": {},
      "less-bootstrap-3": {},
      "font-awesome-4-less": {}
    },
    "packages": {
      "iron-router": {
        "git": "https://github.com/EventedMind/iron-router.git",
        "tag": "v0.8.2",
        "commit": "05415a8891ea87a00fb1e2388585f2ca5a38e0da"
      },
      "mocha-web": {
        "git": "https://github.com/mad-eye/meteor-mocha-web.git",
        "tag": "v0.2.4",
        "commit": "97194bc90ea9b32047973ff44562a3da3b4e7477"
      },
      "sockjs": {
        "git": "https://github.com/livingyang/meteor-sockjs.git",
        "tag": "v0.1.0",
        "commit": "1fcdd3b873ca265085e6dae40c5eacc0213d8706"
      },
      "iron-router-progress": {
        "git": "https://github.com/Multiply/iron-router-progress.git",
        "tag": "v0.4.1",
        "commit": "496fcda9a6ec352b4733725f60c6f280250c3541"
      },
      "flash-messages": {
        "git": "https://github.com/camilosw/flash-messages.git",
        "tag": "v0.2.4",
        "commit": "8e7d09e7b7bd61ab10aaad01371dcecef2e9f797"
      },
      "SyntaxHighlighter": {
        "git": "https://github.com/gadicohen/meteor-SyntaxHighlighter.git",
        "tag": "v3.0.83-10",
        "commit": "300a24c8afe39bc85172b9ce34daf1c7d5e7ab55"
      },
      "font-awesome": {
        "git": "https://github.com/nate-strauser/meteor-font-awesome.git",
        "tag": "v4.1.0",
        "commit": "ce6b1e92715d1938babc5d69c655c17e387f5926"
      },
      "autocomplete": {
        "git": "https://github.com/mizzao/meteor-autocomplete.git",
        "tag": "v0.4.6",
        "commit": "6db34b563a833eee4b9a04f16f2f420e2eac7fb3"
      },
      "less-bootstrap-3": {
        "git": "https://github.com/DerMambo/less-bootstrap-3.git",
        "tag": "v0.0.2",
        "commit": "b5010b2ff9e9ae6b0e6e13eb0f6c81c9cb84373e"
      },
      "font-awesome-4-less": {
        "git": "https://github.com/svub/fontawesome4-less.git",
        "tag": "v4.4.0",
        "commit": "250d2336a217c18eb70e9d074784a7db3ca38472"
      },
      "iron-layout": {
        "git": "https://github.com/EventedMind/iron-layout.git",
        "tag": "v0.2.0",
        "commit": "4a2d53e35ba036b0c189c7ceca34be494d4c6c97"
      },
      "sp-marked": {
        "git": "https://bitbucket.org/parhelium/sp-marked",
        "tag": "v0.0.2",
        "commit": "fd044a222eeb4902a62da5839162b3d6dbd477be"
      },
      "caret-position": {
        "git": "https://github.com/StockBase/meteor-caret-position.git",
        "tag": "v2.1.0-3",
        "commit": "6028cf980f62cbf72cb2ea527091a3a31f87b8a7"
      },
      "blaze-layout": {
        "git": "https://github.com/EventedMind/blaze-layout.git",
        "tag": "v0.2.5",
        "commit": "273e3ab7d005d91a1a59c71bd224533b4dae2fbd"
      },
      "iron-core": {
        "git": "https://github.com/EventedMind/iron-core.git",
        "tag": "v0.2.0",
        "commit": "0e48b5dc50d03f01025b7b900fb5ce2f13d52cad"
      },
      "iron-dynamic-template": {
        "git": "https://github.com/EventedMind/iron-dynamic-template.git",
        "tag": "v0.2.1",
        "commit": "4dd1185c4d9d616c9abdb3f33e4a7d5a88db7e18"
      }
    }
  }
}
